// !$*UTF8*$!
{
	archiveVersion = 1;
	classes = {
	};
	objectVersion = 56;
	objects = {

/* Begin PBXBuildFile section */
		343800972BD5572D003FD8E7 /* BackgroundView.swift in Sources */ = {isa = PBXBuildFile; fileRef = 343800962BD5572D003FD8E7 /* BackgroundView.swift */; };
		3438009B2BD56502003FD8E7 /* MainMenuView.swift in Sources */ = {isa = PBXBuildFile; fileRef = 3438009A2BD56502003FD8E7 /* MainMenuView.swift */; };
		3438009E2BD567D9003FD8E7 /* Color+Extension.swift in Sources */ = {isa = PBXBuildFile; fileRef = 3438009D2BD567D9003FD8E7 /* Color+Extension.swift */; };
		343800A32BD57010003FD8E7 /* UIApplication+Extension.swift in Sources */ = {isa = PBXBuildFile; fileRef = 343800A22BD57010003FD8E7 /* UIApplication+Extension.swift */; };
		343800A62BD57158003FD8E7 /* MultiroundPro.otf in Resources */ = {isa = PBXBuildFile; fileRef = 343800A52BD57158003FD8E7 /* MultiroundPro.otf */; };
		343800AB2BD5746D003FD8E7 /* GameView.swift in Sources */ = {isa = PBXBuildFile; fileRef = 343800AA2BD5746D003FD8E7 /* GameView.swift */; };
		343800AD2BD581A7003FD8E7 /* Muller-Medium.ttf in Resources */ = {isa = PBXBuildFile; fileRef = 343800AC2BD581A7003FD8E7 /* Muller-Medium.ttf */; };
		343800B12BD593B0003FD8E7 /* SettingsView.swift in Sources */ = {isa = PBXBuildFile; fileRef = 343800B02BD593B0003FD8E7 /* SettingsView.swift */; };
		34E21E172BD826190077B237 /* YouWinView.swift in Sources */ = {isa = PBXBuildFile; fileRef = 34E21E162BD826190077B237 /* YouWinView.swift */; };
		34E21E1A2BD855000077B237 /* RubinModel.swift in Sources */ = {isa = PBXBuildFile; fileRef = 34E21E192BD855000077B237 /* RubinModel.swift */; };
		34E21E1C2BD855300077B237 /* FieldColorsModel.swift in Sources */ = {isa = PBXBuildFile; fileRef = 34E21E1B2BD855300077B237 /* FieldColorsModel.swift */; };
		34E21E1E2BD855530077B237 /* FieldSidesColorModel.swift in Sources */ = {isa = PBXBuildFile; fileRef = 34E21E1D2BD855530077B237 /* FieldSidesColorModel.swift */; };
		34E21E202BD855700077B237 /* FieldModel.swift in Sources */ = {isa = PBXBuildFile; fileRef = 34E21E1F2BD855700077B237 /* FieldModel.swift */; };
		34E21E232BD855BE0077B237 /* GameViewModel.swift in Sources */ = {isa = PBXBuildFile; fileRef = 34E21E222BD855BE0077B237 /* GameViewModel.swift */; };
		34E21E272BD85B4D0077B237 /* GameFieldView.swift in Sources */ = {isa = PBXBuildFile; fileRef = 34E21E262BD85B4D0077B237 /* GameFieldView.swift */; };
		34E21E2A2BD9433A0077B237 /* TapticFeedbackManager.swift in Sources */ = {isa = PBXBuildFile; fileRef = 34E21E292BD9433A0077B237 /* TapticFeedbackManager.swift */; };
		34E21E2C2BD971F50077B237 /* bounce.mp3 in Resources */ = {isa = PBXBuildFile; fileRef = 34E21E2B2BD971F40077B237 /* bounce.mp3 */; };
		34E21E2E2BD9756D0077B237 /* gameSound.mp3 in Resources */ = {isa = PBXBuildFile; fileRef = 34E21E2D2BD9756D0077B237 /* gameSound.mp3 */; };
		34E21E312BD97C1E0077B237 /* NotificationView.swift in Sources */ = {isa = PBXBuildFile; fileRef = 34E21E302BD97C1E0077B237 /* NotificationView.swift */; };
		34E21E332BD97CC50077B237 /* Inter.ttc in Resources */ = {isa = PBXBuildFile; fileRef = 34E21E322BD97CC50077B237 /* Inter.ttc */; };
		34F91B5B2BD550F300CD0475 /* SpectrumSwipeCircleApp.swift in Sources */ = {isa = PBXBuildFile; fileRef = 34F91B5A2BD550F300CD0475 /* SpectrumSwipeCircleApp.swift */; };
		34F91B5F2BD550F600CD0475 /* Assets.xcassets in Resources */ = {isa = PBXBuildFile; fileRef = 34F91B5E2BD550F600CD0475 /* Assets.xcassets */; };
		34F91B622BD550F600CD0475 /* Preview Assets.xcassets in Resources */ = {isa = PBXBuildFile; fileRef = 34F91B612BD550F600CD0475 /* Preview Assets.xcassets */; };
		34F91B6B2BD5538100CD0475 /* SplashView.swift in Sources */ = {isa = PBXBuildFile; fileRef = 34F91B6A2BD5538100CD0475 /* SplashView.swift */; };
/* End PBXBuildFile section */

/* Begin PBXFileReference section */
		343800962BD5572D003FD8E7 /* BackgroundView.swift */ = {isa = PBXFileReference; lastKnownFileType = sourcecode.swift; path = BackgroundView.swift; sourceTree = "<group>"; };
		3438009A2BD56502003FD8E7 /* MainMenuView.swift */ = {isa = PBXFileReference; lastKnownFileType = sourcecode.swift; path = MainMenuView.swift; sourceTree = "<group>"; };
		3438009D2BD567D9003FD8E7 /* Color+Extension.swift */ = {isa = PBXFileReference; lastKnownFileType = sourcecode.swift; path = "Color+Extension.swift"; sourceTree = "<group>"; };
		343800A22BD57010003FD8E7 /* UIApplication+Extension.swift */ = {isa = PBXFileReference; lastKnownFileType = sourcecode.swift; path = "UIApplication+Extension.swift"; sourceTree = "<group>"; };
		343800A52BD57158003FD8E7 /* MultiroundPro.otf */ = {isa = PBXFileReference; lastKnownFileType = file; path = MultiroundPro.otf; sourceTree = "<group>"; };
		343800A72BD571BF003FD8E7 /* Test-Task--Spectrum-Swipe-Circle--Info.plist */ = {isa = PBXFileReference; lastKnownFileType = text.plist; path = "Test-Task--Spectrum-Swipe-Circle--Info.plist"; sourceTree = SOURCE_ROOT; };
		343800AA2BD5746D003FD8E7 /* GameView.swift */ = {isa = PBXFileReference; lastKnownFileType = sourcecode.swift; path = GameView.swift; sourceTree = "<group>"; };
		343800AC2BD581A7003FD8E7 /* Muller-Medium.ttf */ = {isa = PBXFileReference; lastKnownFileType = file; path = "Muller-Medium.ttf"; sourceTree = "<group>"; };
		343800B02BD593B0003FD8E7 /* SettingsView.swift */ = {isa = PBXFileReference; lastKnownFileType = sourcecode.swift; path = SettingsView.swift; sourceTree = "<group>"; };
		34E21E162BD826190077B237 /* YouWinView.swift */ = {isa = PBXFileReference; lastKnownFileType = sourcecode.swift; path = YouWinView.swift; sourceTree = "<group>"; };
		34E21E192BD855000077B237 /* RubinModel.swift */ = {isa = PBXFileReference; lastKnownFileType = sourcecode.swift; path = RubinModel.swift; sourceTree = "<group>"; };
		34E21E1B2BD855300077B237 /* FieldColorsModel.swift */ = {isa = PBXFileReference; lastKnownFileType = sourcecode.swift; path = FieldColorsModel.swift; sourceTree = "<group>"; };
		34E21E1D2BD855530077B237 /* FieldSidesColorModel.swift */ = {isa = PBXFileReference; lastKnownFileType = sourcecode.swift; path = FieldSidesColorModel.swift; sourceTree = "<group>"; };
		34E21E1F2BD855700077B237 /* FieldModel.swift */ = {isa = PBXFileReference; lastKnownFileType = sourcecode.swift; path = FieldModel.swift; sourceTree = "<group>"; };
		34E21E222BD855BE0077B237 /* GameViewModel.swift */ = {isa = PBXFileReference; lastKnownFileType = sourcecode.swift; path = GameViewModel.swift; sourceTree = "<group>"; };
		34E21E262BD85B4D0077B237 /* GameFieldView.swift */ = {isa = PBXFileReference; lastKnownFileType = sourcecode.swift; path = GameFieldView.swift; sourceTree = "<group>"; };
		34E21E292BD9433A0077B237 /* TapticFeedbackManager.swift */ = {isa = PBXFileReference; lastKnownFileType = sourcecode.swift; path = TapticFeedbackManager.swift; sourceTree = "<group>"; };
		34E21E2B2BD971F40077B237 /* bounce.mp3 */ = {isa = PBXFileReference; lastKnownFileType = audio.mp3; path = bounce.mp3; sourceTree = "<group>"; };
		34E21E2D2BD9756D0077B237 /* gameSound.mp3 */ = {isa = PBXFileReference; lastKnownFileType = audio.mp3; path = gameSound.mp3; sourceTree = "<group>"; };
		34E21E302BD97C1E0077B237 /* NotificationView.swift */ = {isa = PBXFileReference; lastKnownFileType = sourcecode.swift; path = NotificationView.swift; sourceTree = "<group>"; };
		34E21E322BD97CC50077B237 /* Inter.ttc */ = {isa = PBXFileReference; lastKnownFileType = file; path = Inter.ttc; sourceTree = "<group>"; };
		34F91B572BD550F300CD0475 /* Test Task “Spectrum Swipe Circle”.app */ = {isa = PBXFileReference; explicitFileType = wrapper.application; includeInIndex = 0; path = "Test Task “Spectrum Swipe Circle”.app"; sourceTree = BUILT_PRODUCTS_DIR; };
		34F91B5A2BD550F300CD0475 /* SpectrumSwipeCircleApp.swift */ = {isa = PBXFileReference; lastKnownFileType = sourcecode.swift; path = SpectrumSwipeCircleApp.swift; sourceTree = "<group>"; };
		34F91B5E2BD550F600CD0475 /* Assets.xcassets */ = {isa = PBXFileReference; lastKnownFileType = folder.assetcatalog; path = Assets.xcassets; sourceTree = "<group>"; };
		34F91B612BD550F600CD0475 /* Preview Assets.xcassets */ = {isa = PBXFileReference; lastKnownFileType = folder.assetcatalog; path = "Preview Assets.xcassets"; sourceTree = "<group>"; };
		34F91B6A2BD5538100CD0475 /* SplashView.swift */ = {isa = PBXFileReference; lastKnownFileType = sourcecode.swift; path = SplashView.swift; sourceTree = "<group>"; };
/* End PBXFileReference section */

/* Begin PBXFrameworksBuildPhase section */
		34F91B542BD550F300CD0475 /* Frameworks */ = {
			isa = PBXFrameworksBuildPhase;
			buildActionMask = 2147483647;
			files = (
			);
			runOnlyForDeploymentPostprocessing = 0;
		};
/* End PBXFrameworksBuildPhase section */

/* Begin PBXGroup section */
		343800942BD55706003FD8E7 /* Subviews */ = {
			isa = PBXGroup;
			children = (
				343800952BD55710003FD8E7 /* BackgroundView */,
			);
			path = Subviews;
			sourceTree = "<group>";
		};
		343800952BD55710003FD8E7 /* BackgroundView */ = {
			isa = PBXGroup;
			children = (
				343800962BD5572D003FD8E7 /* BackgroundView.swift */,
			);
			path = BackgroundView;
			sourceTree = "<group>";
		};
		343800982BD564E4003FD8E7 /* MainMenuView */ = {
			isa = PBXGroup;
			children = (
				343800992BD564F2003FD8E7 /* View */,
			);
			path = MainMenuView;
			sourceTree = "<group>";
		};
		343800992BD564F2003FD8E7 /* View */ = {
			isa = PBXGroup;
			children = (
				3438009A2BD56502003FD8E7 /* MainMenuView.swift */,
			);
			path = View;
			sourceTree = "<group>";
		};
		3438009C2BD567C6003FD8E7 /* Extensions */ = {
			isa = PBXGroup;
			children = (
				3438009D2BD567D9003FD8E7 /* Color+Extension.swift */,
				343800A22BD57010003FD8E7 /* UIApplication+Extension.swift */,
			);
			path = Extensions;
			sourceTree = "<group>";
		};
		343800A42BD57143003FD8E7 /* AppFont */ = {
			isa = PBXGroup;
			children = (
				34E21E322BD97CC50077B237 /* Inter.ttc */,
				343800A52BD57158003FD8E7 /* MultiroundPro.otf */,
				343800AC2BD581A7003FD8E7 /* Muller-Medium.ttf */,
			);
			path = AppFont;
			sourceTree = "<group>";
		};
		343800A82BD57446003FD8E7 /* GameView */ = {
			isa = PBXGroup;
			children = (
				34E21E212BD855A80077B237 /* ViewModel */,
				34E21E182BD854E60077B237 /* Model */,
				343800A92BD57456003FD8E7 /* View */,
			);
			path = GameView;
			sourceTree = "<group>";
		};
		343800A92BD57456003FD8E7 /* View */ = {
			isa = PBXGroup;
			children = (
				343800AA2BD5746D003FD8E7 /* GameView.swift */,
			);
			path = View;
			sourceTree = "<group>";
		};
		343800AE2BD5938C003FD8E7 /* SettingsView */ = {
			isa = PBXGroup;
			children = (
				343800AF2BD5939D003FD8E7 /* View */,
			);
			path = SettingsView;
			sourceTree = "<group>";
		};
		343800AF2BD5939D003FD8E7 /* View */ = {
			isa = PBXGroup;
			children = (
				343800B02BD593B0003FD8E7 /* SettingsView.swift */,
			);
			path = View;
			sourceTree = "<group>";
		};
		34E21E142BD825FD0077B237 /* YouWinView */ = {
			isa = PBXGroup;
			children = (
				34E21E152BD826080077B237 /* View */,
			);
			path = YouWinView;
			sourceTree = "<group>";
		};
		34E21E152BD826080077B237 /* View */ = {
			isa = PBXGroup;
			children = (
				34E21E162BD826190077B237 /* YouWinView.swift */,
			);
			path = View;
			sourceTree = "<group>";
		};
		34E21E182BD854E60077B237 /* Model */ = {
			isa = PBXGroup;
			children = (
				34E21E192BD855000077B237 /* RubinModel.swift */,
				34E21E1B2BD855300077B237 /* FieldColorsModel.swift */,
				34E21E1D2BD855530077B237 /* FieldSidesColorModel.swift */,
				34E21E1F2BD855700077B237 /* FieldModel.swift */,
			);
			path = Model;
			sourceTree = "<group>";
		};
		34E21E212BD855A80077B237 /* ViewModel */ = {
			isa = PBXGroup;
			children = (
				34E21E222BD855BE0077B237 /* GameViewModel.swift */,
			);
			path = ViewModel;
			sourceTree = "<group>";
		};
		34E21E242BD85B330077B237 /* GameFieldView */ = {
			isa = PBXGroup;
			children = (
				34E21E252BD85B3E0077B237 /* View */,
			);
			path = GameFieldView;
			sourceTree = "<group>";
		};
		34E21E252BD85B3E0077B237 /* View */ = {
			isa = PBXGroup;
			children = (
				34E21E262BD85B4D0077B237 /* GameFieldView.swift */,
			);
			path = View;
			sourceTree = "<group>";
		};
		34E21E282BD9431A0077B237 /* Manager */ = {
			isa = PBXGroup;
			children = (
				34E21E2B2BD971F40077B237 /* bounce.mp3 */,
				34E21E2D2BD9756D0077B237 /* gameSound.mp3 */,
				34E21E292BD9433A0077B237 /* TapticFeedbackManager.swift */,
			);
			path = Manager;
			sourceTree = "<group>";
		};
		34E21E2F2BD97C060077B237 /* NotificationView */ = {
			isa = PBXGroup;
			children = (
				34E21E302BD97C1E0077B237 /* NotificationView.swift */,
			);
			path = NotificationView;
			sourceTree = "<group>";
		};
		34F91B4E2BD550F300CD0475 = {
			isa = PBXGroup;
			children = (
				34F91B592BD550F300CD0475 /* Test Task “Spectrum Swipe Circle” */,
				34F91B582BD550F300CD0475 /* Products */,
			);
			sourceTree = "<group>";
		};
		34F91B582BD550F300CD0475 /* Products */ = {
			isa = PBXGroup;
			children = (
				34F91B572BD550F300CD0475 /* Test Task “Spectrum Swipe Circle”.app */,
			);
			name = Products;
			sourceTree = "<group>";
		};
		34F91B592BD550F300CD0475 /* Test Task “Spectrum Swipe Circle” */ = {
			isa = PBXGroup;
			children = (
				34E21E2F2BD97C060077B237 /* NotificationView */,
				34E21E282BD9431A0077B237 /* Manager */,
				34E21E242BD85B330077B237 /* GameFieldView */,
				34E21E142BD825FD0077B237 /* YouWinView */,
				343800A72BD571BF003FD8E7 /* Test-Task--Spectrum-Swipe-Circle--Info.plist */,
				34F91B682BD5535600CD0475 /* SplashView */,
				343800982BD564E4003FD8E7 /* MainMenuView */,
				343800A82BD57446003FD8E7 /* GameView */,
				343800AE2BD5938C003FD8E7 /* SettingsView */,
				343800942BD55706003FD8E7 /* Subviews */,
				3438009C2BD567C6003FD8E7 /* Extensions */,
				343800A42BD57143003FD8E7 /* AppFont */,
				34F91B5A2BD550F300CD0475 /* SpectrumSwipeCircleApp.swift */,
				34F91B5E2BD550F600CD0475 /* Assets.xcassets */,
				34F91B602BD550F600CD0475 /* Preview Content */,
			);
			path = "Test Task “Spectrum Swipe Circle”";
			sourceTree = "<group>";
		};
		34F91B602BD550F600CD0475 /* Preview Content */ = {
			isa = PBXGroup;
			children = (
				34F91B612BD550F600CD0475 /* Preview Assets.xcassets */,
			);
			path = "Preview Content";
			sourceTree = "<group>";
		};
		34F91B682BD5535600CD0475 /* SplashView */ = {
			isa = PBXGroup;
			children = (
				34F91B692BD5536E00CD0475 /* View */,
			);
			path = SplashView;
			sourceTree = "<group>";
		};
		34F91B692BD5536E00CD0475 /* View */ = {
			isa = PBXGroup;
			children = (
				34F91B6A2BD5538100CD0475 /* SplashView.swift */,
			);
			path = View;
			sourceTree = "<group>";
		};
/* End PBXGroup section */

/* Begin PBXNativeTarget section */
		34F91B562BD550F300CD0475 /* Test Task “Spectrum Swipe Circle” */ = {
			isa = PBXNativeTarget;
			buildConfigurationList = 34F91B652BD550F600CD0475 /* Build configuration list for PBXNativeTarget "Test Task “Spectrum Swipe Circle”" */;
			buildPhases = (
				34F91B532BD550F300CD0475 /* Sources */,
				34F91B542BD550F300CD0475 /* Frameworks */,
				34F91B552BD550F300CD0475 /* Resources */,
			);
			buildRules = (
			);
			dependencies = (
			);
			name = "Test Task “Spectrum Swipe Circle”";
			productName = "Test Task “Spectrum Swipe Circle”";
			productReference = 34F91B572BD550F300CD0475 /* Test Task “Spectrum Swipe Circle”.app */;
			productType = "com.apple.product-type.application";
		};
/* End PBXNativeTarget section */

/* Begin PBXProject section */
		34F91B4F2BD550F300CD0475 /* Project object */ = {
			isa = PBXProject;
			attributes = {
				BuildIndependentTargetsInParallel = 1;
				LastSwiftUpdateCheck = 1530;
				LastUpgradeCheck = 1530;
				TargetAttributes = {
					34F91B562BD550F300CD0475 = {
						CreatedOnToolsVersion = 15.3;
					};
				};
			};
			buildConfigurationList = 34F91B522BD550F300CD0475 /* Build configuration list for PBXProject "Test Task “Spectrum Swipe Circle”" */;
			compatibilityVersion = "Xcode 14.0";
			developmentRegion = en;
			hasScannedForEncodings = 0;
			knownRegions = (
				en,
				Base,
			);
			mainGroup = 34F91B4E2BD550F300CD0475;
			productRefGroup = 34F91B582BD550F300CD0475 /* Products */;
			projectDirPath = "";
			projectRoot = "";
			targets = (
				34F91B562BD550F300CD0475 /* Test Task “Spectrum Swipe Circle” */,
			);
		};
/* End PBXProject section */

/* Begin PBXResourcesBuildPhase section */
		34F91B552BD550F300CD0475 /* Resources */ = {
			isa = PBXResourcesBuildPhase;
			buildActionMask = 2147483647;
			files = (
				34F91B622BD550F600CD0475 /* Preview Assets.xcassets in Resources */,
				343800A62BD57158003FD8E7 /* MultiroundPro.otf in Resources */,
				34E21E332BD97CC50077B237 /* Inter.ttc in Resources */,
				34F91B5F2BD550F600CD0475 /* Assets.xcassets in Resources */,
				34E21E2C2BD971F50077B237 /* bounce.mp3 in Resources */,
				343800AD2BD581A7003FD8E7 /* Muller-Medium.ttf in Resources */,
				34E21E2E2BD9756D0077B237 /* gameSound.mp3 in Resources */,
			);
			runOnlyForDeploymentPostprocessing = 0;
		};
/* End PBXResourcesBuildPhase section */

/* Begin PBXSourcesBuildPhase section */
		34F91B532BD550F300CD0475 /* Sources */ = {
			isa = PBXSourcesBuildPhase;
			buildActionMask = 2147483647;
			files = (
				3438009B2BD56502003FD8E7 /* MainMenuView.swift in Sources */,
				343800B12BD593B0003FD8E7 /* SettingsView.swift in Sources */,
				3438009E2BD567D9003FD8E7 /* Color+Extension.swift in Sources */,
				34E21E172BD826190077B237 /* YouWinView.swift in Sources */,
				343800A32BD57010003FD8E7 /* UIApplication+Extension.swift in Sources */,
				34E21E1E2BD855530077B237 /* FieldSidesColorModel.swift in Sources */,
				34E21E312BD97C1E0077B237 /* NotificationView.swift in Sources */,
				34E21E232BD855BE0077B237 /* GameViewModel.swift in Sources */,
				34E21E1C2BD855300077B237 /* FieldColorsModel.swift in Sources */,
				34F91B5B2BD550F300CD0475 /* SpectrumSwipeCircleApp.swift in Sources */,
				34E21E1A2BD855000077B237 /* RubinModel.swift in Sources */,
				34E21E202BD855700077B237 /* FieldModel.swift in Sources */,
				34E21E2A2BD9433A0077B237 /* TapticFeedbackManager.swift in Sources */,
				343800972BD5572D003FD8E7 /* BackgroundView.swift in Sources */,
				34E21E272BD85B4D0077B237 /* GameFieldView.swift in Sources */,
				34F91B6B2BD5538100CD0475 /* SplashView.swift in Sources */,
				343800AB2BD5746D003FD8E7 /* GameView.swift in Sources */,
			);
			runOnlyForDeploymentPostprocessing = 0;
		};
/* End PBXSourcesBuildPhase section */

/* Begin XCBuildConfiguration section */
		34F91B632BD550F600CD0475 /* Debug */ = {
			isa = XCBuildConfiguration;
			buildSettings = {
				ALWAYS_SEARCH_USER_PATHS = NO;
				ASSETCATALOG_COMPILER_GENERATE_SWIFT_ASSET_SYMBOL_EXTENSIONS = YES;
				CLANG_ANALYZER_NONNULL = YES;
				CLANG_ANALYZER_NUMBER_OBJECT_CONVERSION = YES_AGGRESSIVE;
				CLANG_CXX_LANGUAGE_STANDARD = "gnu++20";
				CLANG_ENABLE_MODULES = YES;
				CLANG_ENABLE_OBJC_ARC = YES;
				CLANG_ENABLE_OBJC_WEAK = YES;
				CLANG_WARN_BLOCK_CAPTURE_AUTORELEASING = YES;
				CLANG_WARN_BOOL_CONVERSION = YES;
				CLANG_WARN_COMMA = YES;
				CLANG_WARN_CONSTANT_CONVERSION = YES;
				CLANG_WARN_DEPRECATED_OBJC_IMPLEMENTATIONS = YES;
				CLANG_WARN_DIRECT_OBJC_ISA_USAGE = YES_ERROR;
				CLANG_WARN_DOCUMENTATION_COMMENTS = YES;
				CLANG_WARN_EMPTY_BODY = YES;
				CLANG_WARN_ENUM_CONVERSION = YES;
				CLANG_WARN_INFINITE_RECURSION = YES;
				CLANG_WARN_INT_CONVERSION = YES;
				CLANG_WARN_NON_LITERAL_NULL_CONVERSION = YES;
				CLANG_WARN_OBJC_IMPLICIT_RETAIN_SELF = YES;
				CLANG_WARN_OBJC_LITERAL_CONVERSION = YES;
				CLANG_WARN_OBJC_ROOT_CLASS = YES_ERROR;
				CLANG_WARN_QUOTED_INCLUDE_IN_FRAMEWORK_HEADER = YES;
				CLANG_WARN_RANGE_LOOP_ANALYSIS = YES;
				CLANG_WARN_STRICT_PROTOTYPES = YES;
				CLANG_WARN_SUSPICIOUS_MOVE = YES;
				CLANG_WARN_UNGUARDED_AVAILABILITY = YES_AGGRESSIVE;
				CLANG_WARN_UNREACHABLE_CODE = YES;
				CLANG_WARN__DUPLICATE_METHOD_MATCH = YES;
				COPY_PHASE_STRIP = NO;
				DEBUG_INFORMATION_FORMAT = dwarf;
				ENABLE_STRICT_OBJC_MSGSEND = YES;
				ENABLE_TESTABILITY = YES;
				ENABLE_USER_SCRIPT_SANDBOXING = YES;
				GCC_C_LANGUAGE_STANDARD = gnu17;
				GCC_DYNAMIC_NO_PIC = NO;
				GCC_NO_COMMON_BLOCKS = YES;
				GCC_OPTIMIZATION_LEVEL = 0;
				GCC_PREPROCESSOR_DEFINITIONS = (
					"DEBUG=1",
					"$(inherited)",
				);
				GCC_WARN_64_TO_32_BIT_CONVERSION = YES;
				GCC_WARN_ABOUT_RETURN_TYPE = YES_ERROR;
				GCC_WARN_UNDECLARED_SELECTOR = YES;
				GCC_WARN_UNINITIALIZED_AUTOS = YES_AGGRESSIVE;
				GCC_WARN_UNUSED_FUNCTION = YES;
				GCC_WARN_UNUSED_VARIABLE = YES;
				IPHONEOS_DEPLOYMENT_TARGET = 17.4;
				LOCALIZATION_PREFERS_STRING_CATALOGS = YES;
				MTL_ENABLE_DEBUG_INFO = INCLUDE_SOURCE;
				MTL_FAST_MATH = YES;
				ONLY_ACTIVE_ARCH = YES;
				SDKROOT = iphoneos;
				SWIFT_ACTIVE_COMPILATION_CONDITIONS = "DEBUG $(inherited)";
				SWIFT_OPTIMIZATION_LEVEL = "-Onone";
			};
			name = Debug;
		};
		34F91B642BD550F600CD0475 /* Release */ = {
			isa = XCBuildConfiguration;
			buildSettings = {
				ALWAYS_SEARCH_USER_PATHS = NO;
				ASSETCATALOG_COMPILER_GENERATE_SWIFT_ASSET_SYMBOL_EXTENSIONS = YES;
				CLANG_ANALYZER_NONNULL = YES;
				CLANG_ANALYZER_NUMBER_OBJECT_CONVERSION = YES_AGGRESSIVE;
				CLANG_CXX_LANGUAGE_STANDARD = "gnu++20";
				CLANG_ENABLE_MODULES = YES;
				CLANG_ENABLE_OBJC_ARC = YES;
				CLANG_ENABLE_OBJC_WEAK = YES;
				CLANG_WARN_BLOCK_CAPTURE_AUTORELEASING = YES;
				CLANG_WARN_BOOL_CONVERSION = YES;
				CLANG_WARN_COMMA = YES;
				CLANG_WARN_CONSTANT_CONVERSION = YES;
				CLANG_WARN_DEPRECATED_OBJC_IMPLEMENTATIONS = YES;
				CLANG_WARN_DIRECT_OBJC_ISA_USAGE = YES_ERROR;
				CLANG_WARN_DOCUMENTATION_COMMENTS = YES;
				CLANG_WARN_EMPTY_BODY = YES;
				CLANG_WARN_ENUM_CONVERSION = YES;
				CLANG_WARN_INFINITE_RECURSION = YES;
				CLANG_WARN_INT_CONVERSION = YES;
				CLANG_WARN_NON_LITERAL_NULL_CONVERSION = YES;
				CLANG_WARN_OBJC_IMPLICIT_RETAIN_SELF = YES;
				CLANG_WARN_OBJC_LITERAL_CONVERSION = YES;
				CLANG_WARN_OBJC_ROOT_CLASS = YES_ERROR;
				CLANG_WARN_QUOTED_INCLUDE_IN_FRAMEWORK_HEADER = YES;
				CLANG_WARN_RANGE_LOOP_ANALYSIS = YES;
				CLANG_WARN_STRICT_PROTOTYPES = YES;
				CLANG_WARN_SUSPICIOUS_MOVE = YES;
				CLANG_WARN_UNGUARDED_AVAILABILITY = YES_AGGRESSIVE;
				CLANG_WARN_UNREACHABLE_CODE = YES;
				CLANG_WARN__DUPLICATE_METHOD_MATCH = YES;
				COPY_PHASE_STRIP = NO;
				DEBUG_INFORMATION_FORMAT = "dwarf-with-dsym";
				ENABLE_NS_ASSERTIONS = NO;
				ENABLE_STRICT_OBJC_MSGSEND = YES;
				ENABLE_USER_SCRIPT_SANDBOXING = YES;
				GCC_C_LANGUAGE_STANDARD = gnu17;
				GCC_NO_COMMON_BLOCKS = YES;
				GCC_WARN_64_TO_32_BIT_CONVERSION = YES;
				GCC_WARN_ABOUT_RETURN_TYPE = YES_ERROR;
				GCC_WARN_UNDECLARED_SELECTOR = YES;
				GCC_WARN_UNINITIALIZED_AUTOS = YES_AGGRESSIVE;
				GCC_WARN_UNUSED_FUNCTION = YES;
				GCC_WARN_UNUSED_VARIABLE = YES;
				IPHONEOS_DEPLOYMENT_TARGET = 17.4;
				LOCALIZATION_PREFERS_STRING_CATALOGS = YES;
				MTL_ENABLE_DEBUG_INFO = NO;
				MTL_FAST_MATH = YES;
				SDKROOT = iphoneos;
				SWIFT_COMPILATION_MODE = wholemodule;
				VALIDATE_PRODUCT = YES;
			};
			name = Release;
		};
		34F91B662BD550F600CD0475 /* Debug */ = {
			isa = XCBuildConfiguration;
			buildSettings = {
				ASSETCATALOG_COMPILER_APPICON_NAME = AppIcon;
				ASSETCATALOG_COMPILER_GLOBAL_ACCENT_COLOR_NAME = AccentColor;
				CODE_SIGN_STYLE = Automatic;
				CURRENT_PROJECT_VERSION = 1;
				DEVELOPMENT_ASSET_PATHS = "\"Test Task “Spectrum Swipe Circle”/Preview Content\"";
				DEVELOPMENT_TEAM = 268KCE48W3;
				ENABLE_PREVIEWS = YES;
				GENERATE_INFOPLIST_FILE = YES;
				INFOPLIST_FILE = "Test-Task--Spectrum-Swipe-Circle--Info.plist";
				INFOPLIST_KEY_UIApplicationSceneManifest_Generation = YES;
				INFOPLIST_KEY_UIApplicationSupportsIndirectInputEvents = YES;
				INFOPLIST_KEY_UILaunchScreen_Generation = YES;
				INFOPLIST_KEY_UIRequiresFullScreen = YES;
				INFOPLIST_KEY_UIStatusBarHidden = YES;
				INFOPLIST_KEY_UIStatusBarStyle = "";
				INFOPLIST_KEY_UISupportedInterfaceOrientations_iPad = "UIInterfaceOrientationPortrait UIInterfaceOrientationPortraitUpsideDown UIInterfaceOrientationLandscapeLeft UIInterfaceOrientationLandscapeRight";
				INFOPLIST_KEY_UISupportedInterfaceOrientations_iPhone = "UIInterfaceOrientationPortrait UIInterfaceOrientationLandscapeLeft UIInterfaceOrientationLandscapeRight";
				LD_RUNPATH_SEARCH_PATHS = (
					"$(inherited)",
					"@executable_path/Frameworks",
				);
				MARKETING_VERSION = 1.0;
				PRODUCT_BUNDLE_IDENTIFIER = aap.TestTaskSpectrumSwipeCircle;
				PRODUCT_NAME = "$(TARGET_NAME)";
				SWIFT_EMIT_LOC_STRINGS = YES;
				SWIFT_VERSION = 5.0;
				TARGETED_DEVICE_FAMILY = "1,2";
			};
			name = Debug;
		};
		34F91B672BD550F600CD0475 /* Release */ = {
			isa = XCBuildConfiguration;
			buildSettings = {
				ASSETCATALOG_COMPILER_APPICON_NAME = AppIcon;
				ASSETCATALOG_COMPILER_GLOBAL_ACCENT_COLOR_NAME = AccentColor;
				CODE_SIGN_STYLE = Automatic;
				CURRENT_PROJECT_VERSION = 1;
				DEVELOPMENT_ASSET_PATHS = "\"Test Task “Spectrum Swipe Circle”/Preview Content\"";
				DEVELOPMENT_TEAM = 268KCE48W3;
				ENABLE_PREVIEWS = YES;
				GENERATE_INFOPLIST_FILE = YES;
				INFOPLIST_FILE = "Test-Task--Spectrum-Swipe-Circle--Info.plist";
				INFOPLIST_KEY_UIApplicationSceneManifest_Generation = YES;
				INFOPLIST_KEY_UIApplicationSupportsIndirectInputEvents = YES;
				INFOPLIST_KEY_UILaunchScreen_Generation = YES;
				INFOPLIST_KEY_UIRequiresFullScreen = YES;
				INFOPLIST_KEY_UIStatusBarHidden = YES;
				INFOPLIST_KEY_UIStatusBarStyle = "";
				INFOPLIST_KEY_UISupportedInterfaceOrientations_iPad = "UIInterfaceOrientationPortrait UIInterfaceOrientationPortraitUpsideDown UIInterfaceOrientationLandscapeLeft UIInterfaceOrientationLandscapeRight";
				INFOPLIST_KEY_UISupportedInterfaceOrientations_iPhone = "UIInterfaceOrientationPortrait UIInterfaceOrientationLandscapeLeft UIInterfaceOrientationLandscapeRight";
				LD_RUNPATH_SEARCH_PATHS = (
					"$(inherited)",
					"@executable_path/Frameworks",
				);
				MARKETING_VERSION = 1.0;
				PRODUCT_BUNDLE_IDENTIFIER = aap.TestTaskSpectrumSwipeCircle;
				PRODUCT_NAME = "$(TARGET_NAME)";
				SWIFT_EMIT_LOC_STRINGS = YES;
				SWIFT_VERSION = 5.0;
				TARGETED_DEVICE_FAMILY = "1,2";
			};
			name = Release;
		};
/* End XCBuildConfiguration section */

/* Begin XCConfigurationList section */
		34F91B522BD550F300CD0475 /* Build configuration list for PBXProject "Test Task “Spectrum Swipe Circle”" */ = {
			isa = XCConfigurationList;
			buildConfigurations = (
				34F91B632BD550F600CD0475 /* Debug */,
				34F91B642BD550F600CD0475 /* Release */,
			);
			defaultConfigurationIsVisible = 0;
			defaultConfigurationName = Release;
		};
		34F91B652BD550F600CD0475 /* Build configuration list for PBXNativeTarget "Test Task “Spectrum Swipe Circle”" */ = {
			isa = XCConfigurationList;
			buildConfigurations = (
				34F91B662BD550F600CD0475 /* Debug */,
				34F91B672BD550F600CD0475 /* Release */,
			);
			defaultConfigurationIsVisible = 0;
			defaultConfigurationName = Release;
		};
/* End XCConfigurationList section */
	};
	rootObject = 34F91B4F2BD550F300CD0475 /* Project object */;
}
